{
  "version": 4,
  "terraform_version": "1.5.7",
  "serial": 195,
  "lineage": "81b98f1c-81ef-55c4-fdf2-815b9d915dba",
  "outputs": {},
  "resources": [
    {
      "mode": "managed",
      "type": "aws_iam_user",
      "name": "iam",
      "provider": "provider[\"registry.terraform.io/hashicorp/aws\"]",
      "instances": [
        {
          "index_key": "user01, user02, user03, user04 ",
          "schema_version": 0,
          "attributes": {
            "arn": "arn:aws:iam::420624713877:user/system/each.keyr",
            "force_destroy": false,
            "id": "each.keyr",
            "name": "each.keyr",
            "path": "/system/",
            "permissions_boundary": null,
            "tags": {
              "tag-key": "tag-value"
            },
            "tags_all": {
              "tag-key": "tag-value"
            },
            "unique_id": "AIDAWD3ZPZCK7JJUHO7AC"
          },
          "sensitive_attributes": [],
          "private": "bnVsbA=="
        }
      ]
    }
  ],
  "check_results": null
}
